
Microsoft Visual Studio Solution File, Format Version 12.00
# Visual Studio 15
VisualStudioVersion = 15.0.27703.2047
MinimumVisualStudioVersion = 10.0.40219.1
Project("{F184B08F-C81C-45F6-A57F-5ABD9991F28F}") = "Name and Address", "Name and Address\Name and Address.vbproj", "{4F001470-E683-43F6-A001-94A58BA0253E}"
EndProject
Global
	GlobalSection(SolutionConfigurationPlatforms) = preSolution
		Debug|Any CPU = Debug|Any CPU
		Release|Any CPU = Release|Any CPU
	EndGlobalSection
	GlobalSection(ProjectConfigurationPlatforms) = postSolution
		{4F001470-E683-43F6-A001-94A58BA0253E}.Debug|Any CPU.ActiveCfg = Debug|Any CPU
		{4F001470-E683-43F6-A001-94A58BA0253E}.Debug|Any CPU.Build.0 = Debug|Any CPU
		{4F001470-E683-43F6-A001-94A58BA0253E}.Release|Any CPU.ActiveCfg = Release|Any CPU
		{4F001470-E683-43F6-A001-94A58BA0253E}.Release|Any CPU.Build.0 = Release|Any CPU
	EndGlobalSection
	GlobalSection(SolutionProperties) = preSolution
		HideSolutionNode = FALSE
	EndGlobalSection
	GlobalSection(ExtensibilityGlobals) = postSolution
		SolutionGuid = {FB18F5C8-BA2C-405E-A327-A2E966F43DEB}
	EndGlobalSection
EndGlobal
