
Microsoft Visual Studio Solution File, Format Version 12.00
# Visual Studio 15
VisualStudioVersion = 15.0.27703.2047
MinimumVisualStudioVersion = 10.0.40219.1
Project("{F184B08F-C81C-45F6-A57F-5ABD9991F28F}") = "ImportTable", "ImportTable\ImportTable.vbproj", "{B1513A1B-CF8C-49D7-BF99-B408AAD2D279}"
EndProject
Global
	GlobalSection(SolutionConfigurationPlatforms) = preSolution
		Debug|Any CPU = Debug|Any CPU
		Release|Any CPU = Release|Any CPU
	EndGlobalSection
	GlobalSection(ProjectConfigurationPlatforms) = postSolution
		{B1513A1B-CF8C-49D7-BF99-B408AAD2D279}.Debug|Any CPU.ActiveCfg = Debug|Any CPU
		{B1513A1B-CF8C-49D7-BF99-B408AAD2D279}.Debug|Any CPU.Build.0 = Debug|Any CPU
		{B1513A1B-CF8C-49D7-BF99-B408AAD2D279}.Release|Any CPU.ActiveCfg = Release|Any CPU
		{B1513A1B-CF8C-49D7-BF99-B408AAD2D279}.Release|Any CPU.Build.0 = Release|Any CPU
	EndGlobalSection
	GlobalSection(SolutionProperties) = preSolution
		HideSolutionNode = FALSE
	EndGlobalSection
	GlobalSection(ExtensibilityGlobals) = postSolution
		SolutionGuid = {6B8A713A-B112-4575-88D3-008B0D59BA1B}
	EndGlobalSection
EndGlobal
